// !$*UTF8*$!
{
	archiveVersion = 1;
	classes = {
	};
	objectVersion = 56;
	objects = {

/* Begin PBXBuildFile section */
		4273B4A12AB6498400067075 /* DashboardView.swift in Sources */ = {isa = PBXBuildFile; fileRef = 4273B4A02AB6498400067075 /* DashboardView.swift */; };
		42CA4D0B2AB6AE8E00F8F230 /* Color+.swift in Sources */ = {isa = PBXBuildFile; fileRef = 42CA4D0A2AB6AE8E00F8F230 /* Color+.swift */; };
		42CA4D0D2AB7598100F8F230 /* AssetViewModel.swift in Sources */ = {isa = PBXBuildFile; fileRef = 42CA4D0C2AB7598100F8F230 /* AssetViewModel.swift */; };
		897CC2AB2AB636A500F61D61 /* Facility_PulseApp.swift in Sources */ = {isa = PBXBuildFile; fileRef = 897CC2AA2AB636A500F61D61 /* Facility_PulseApp.swift */; };
		897CC2AD2AB636A500F61D61 /* ContentView.swift in Sources */ = {isa = PBXBuildFile; fileRef = 897CC2AC2AB636A500F61D61 /* ContentView.swift */; };
		897CC2AF2AB636A700F61D61 /* Assets.xcassets in Resources */ = {isa = PBXBuildFile; fileRef = 897CC2AE2AB636A700F61D61 /* Assets.xcassets */; };
		897CC2B22AB636A700F61D61 /* Preview Assets.xcassets in Resources */ = {isa = PBXBuildFile; fileRef = 897CC2B12AB636A700F61D61 /* Preview Assets.xcassets */; };
		89FD4B992AB65B26002B2E89 /* Asset.swift in Sources */ = {isa = PBXBuildFile; fileRef = 89FD4B982AB65B26002B2E89 /* Asset.swift */; };
		89FD4B9B2AB65D7A002B2E89 /* SearchView.swift in Sources */ = {isa = PBXBuildFile; fileRef = 89FD4B9A2AB65D7A002B2E89 /* SearchView.swift */; };
		89FD4B9D2AB662E2002B2E89 /* AssetManager.swift in Sources */ = {isa = PBXBuildFile; fileRef = 89FD4B9C2AB662E2002B2E89 /* AssetManager.swift */; };
		89FD4BA12AB681A1002B2E89 /* assets.json in Resources */ = {isa = PBXBuildFile; fileRef = 89FD4BA02AB681A1002B2E89 /* assets.json */; };
/* End PBXBuildFile section */

/* Begin PBXFileReference section */
		4273B4A02AB6498400067075 /* DashboardView.swift */ = {isa = PBXFileReference; lastKnownFileType = sourcecode.swift; path = DashboardView.swift; sourceTree = "<group>"; };
		42CA4D0A2AB6AE8E00F8F230 /* Color+.swift */ = {isa = PBXFileReference; lastKnownFileType = sourcecode.swift; path = "Color+.swift"; sourceTree = "<group>"; };
		42CA4D0C2AB7598100F8F230 /* AssetViewModel.swift */ = {isa = PBXFileReference; lastKnownFileType = sourcecode.swift; path = AssetViewModel.swift; sourceTree = "<group>"; };
		897CC2A72AB636A500F61D61 /* Facility Pulse.app */ = {isa = PBXFileReference; explicitFileType = wrapper.application; includeInIndex = 0; path = "Facility Pulse.app"; sourceTree = BUILT_PRODUCTS_DIR; };
		897CC2AA2AB636A500F61D61 /* Facility_PulseApp.swift */ = {isa = PBXFileReference; lastKnownFileType = sourcecode.swift; path = Facility_PulseApp.swift; sourceTree = "<group>"; };
		897CC2AC2AB636A500F61D61 /* ContentView.swift */ = {isa = PBXFileReference; lastKnownFileType = sourcecode.swift; path = ContentView.swift; sourceTree = "<group>"; };
		897CC2AE2AB636A700F61D61 /* Assets.xcassets */ = {isa = PBXFileReference; lastKnownFileType = folder.assetcatalog; path = Assets.xcassets; sourceTree = "<group>"; };
		897CC2B12AB636A700F61D61 /* Preview Assets.xcassets */ = {isa = PBXFileReference; lastKnownFileType = folder.assetcatalog; path = "Preview Assets.xcassets"; sourceTree = "<group>"; };
		89FD4B982AB65B26002B2E89 /* Asset.swift */ = {isa = PBXFileReference; lastKnownFileType = sourcecode.swift; path = Asset.swift; sourceTree = "<group>"; };
		89FD4B9A2AB65D7A002B2E89 /* SearchView.swift */ = {isa = PBXFileReference; lastKnownFileType = sourcecode.swift; path = SearchView.swift; sourceTree = "<group>"; };
		89FD4B9C2AB662E2002B2E89 /* AssetManager.swift */ = {isa = PBXFileReference; lastKnownFileType = sourcecode.swift; path = AssetManager.swift; sourceTree = "<group>"; };
		89FD4BA02AB681A1002B2E89 /* assets.json */ = {isa = PBXFileReference; lastKnownFileType = text.json; path = assets.json; sourceTree = "<group>"; };
/* End PBXFileReference section */

/* Begin PBXFrameworksBuildPhase section */
		897CC2A42AB636A500F61D61 /* Frameworks */ = {
			isa = PBXFrameworksBuildPhase;
			buildActionMask = 2147483647;
			files = (
			);
			runOnlyForDeploymentPostprocessing = 0;
		};
/* End PBXFrameworksBuildPhase section */

/* Begin PBXGroup section */
		897CC29E2AB636A500F61D61 = {
			isa = PBXGroup;
			children = (
				897CC2A92AB636A500F61D61 /* Facility Pulse */,
				897CC2A82AB636A500F61D61 /* Products */,
			);
			sourceTree = "<group>";
		};
		897CC2A82AB636A500F61D61 /* Products */ = {
			isa = PBXGroup;
			children = (
				897CC2A72AB636A500F61D61 /* Facility Pulse.app */,
			);
			name = Products;
			sourceTree = "<group>";
		};
		897CC2A92AB636A500F61D61 /* Facility Pulse */ = {
			isa = PBXGroup;
			children = (
				89FD4B972AB65B13002B2E89 /* Model */,
				89FD4B9C2AB662E2002B2E89 /* AssetManager.swift */,
				897CC2AA2AB636A500F61D61 /* Facility_PulseApp.swift */,
				4273B4A02AB6498400067075 /* DashboardView.swift */,
				42CA4D0A2AB6AE8E00F8F230 /* Color+.swift */,
				89FD4B9A2AB65D7A002B2E89 /* SearchView.swift */,
				89FD4BA02AB681A1002B2E89 /* assets.json */,
				897CC2AC2AB636A500F61D61 /* ContentView.swift */,
				897CC2AE2AB636A700F61D61 /* Assets.xcassets */,
				897CC2B02AB636A700F61D61 /* Preview Content */,
			);
			path = "Facility Pulse";
			sourceTree = "<group>";
		};
		897CC2B02AB636A700F61D61 /* Preview Content */ = {
			isa = PBXGroup;
			children = (
				897CC2B12AB636A700F61D61 /* Preview Assets.xcassets */,
			);
			path = "Preview Content";
			sourceTree = "<group>";
		};
		89FD4B972AB65B13002B2E89 /* Model */ = {
			isa = PBXGroup;
			children = (
				89FD4B982AB65B26002B2E89 /* Asset.swift */,
				42CA4D0C2AB7598100F8F230 /* AssetViewModel.swift */,
			);
			path = Model;
			sourceTree = "<group>";
		};
/* End PBXGroup section */

/* Begin PBXNativeTarget section */
		897CC2A62AB636A500F61D61 /* Facility Pulse */ = {
			isa = PBXNativeTarget;
			buildConfigurationList = 897CC2B52AB636A700F61D61 /* Build configuration list for PBXNativeTarget "Facility Pulse" */;
			buildPhases = (
				897CC2A32AB636A500F61D61 /* Sources */,
				897CC2A42AB636A500F61D61 /* Frameworks */,
				897CC2A52AB636A500F61D61 /* Resources */,
			);
			buildRules = (
			);
			dependencies = (
			);
			name = "Facility Pulse";
			productName = "Facility Pulse";
			productReference = 897CC2A72AB636A500F61D61 /* Facility Pulse.app */;
			productType = "com.apple.product-type.application";
		};
/* End PBXNativeTarget section */

/* Begin PBXProject section */
		897CC29F2AB636A500F61D61 /* Project object */ = {
			isa = PBXProject;
			attributes = {
				BuildIndependentTargetsInParallel = 1;
				LastSwiftUpdateCheck = 1430;
				LastUpgradeCheck = 1430;
				TargetAttributes = {
					897CC2A62AB636A500F61D61 = {
						CreatedOnToolsVersion = 14.3.1;
					};
				};
			};
			buildConfigurationList = 897CC2A22AB636A500F61D61 /* Build configuration list for PBXProject "Facility Pulse" */;
			compatibilityVersion = "Xcode 14.0";
			developmentRegion = en;
			hasScannedForEncodings = 0;
			knownRegions = (
				en,
				Base,
			);
			mainGroup = 897CC29E2AB636A500F61D61;
			productRefGroup = 897CC2A82AB636A500F61D61 /* Products */;
			projectDirPath = "";
			projectRoot = "";
			targets = (
				897CC2A62AB636A500F61D61 /* Facility Pulse */,
			);
		};
/* End PBXProject section */

/* Begin PBXResourcesBuildPhase section */
		897CC2A52AB636A500F61D61 /* Resources */ = {
			isa = PBXResourcesBuildPhase;
			buildActionMask = 2147483647;
			files = (
				89FD4BA12AB681A1002B2E89 /* assets.json in Resources */,
				897CC2B22AB636A700F61D61 /* Preview Assets.xcassets in Resources */,
				897CC2AF2AB636A700F61D61 /* Assets.xcassets in Resources */,
			);
			runOnlyForDeploymentPostprocessing = 0;
		};
/* End PBXResourcesBuildPhase section */

/* Begin PBXSourcesBuildPhase section */
		897CC2A32AB636A500F61D61 /* Sources */ = {
			isa = PBXSourcesBuildPhase;
			buildActionMask = 2147483647;
			files = (
				42CA4D0B2AB6AE8E00F8F230 /* Color+.swift in Sources */,
				89FD4B9B2AB65D7A002B2E89 /* SearchView.swift in Sources */,
				897CC2AD2AB636A500F61D61 /* ContentView.swift in Sources */,
				42CA4D0D2AB7598100F8F230 /* AssetViewModel.swift in Sources */,
				4273B4A12AB6498400067075 /* DashboardView.swift in Sources */,
				89FD4B992AB65B26002B2E89 /* Asset.swift in Sources */,
				89FD4B9D2AB662E2002B2E89 /* AssetManager.swift in Sources */,
				897CC2AB2AB636A500F61D61 /* Facility_PulseApp.swift in Sources */,
			);
			runOnlyForDeploymentPostprocessing = 0;
		};
/* End PBXSourcesBuildPhase section */

/* Begin XCBuildConfiguration section */
		897CC2B32AB636A700F61D61 /* Debug */ = {
			isa = XCBuildConfiguration;
			buildSettings = {
				ALWAYS_SEARCH_USER_PATHS = NO;
				CLANG_ANALYZER_NONNULL = YES;
				CLANG_ANALYZER_NUMBER_OBJECT_CONVERSION = YES_AGGRESSIVE;
				CLANG_CXX_LANGUAGE_STANDARD = "gnu++20";
				CLANG_ENABLE_MODULES = YES;
				CLANG_ENABLE_OBJC_ARC = YES;
				CLANG_ENABLE_OBJC_WEAK = YES;
				CLANG_WARN_BLOCK_CAPTURE_AUTORELEASING = YES;
				CLANG_WARN_BOOL_CONVERSION = YES;
				CLANG_WARN_COMMA = YES;
				CLANG_WARN_CONSTANT_CONVERSION = YES;
				CLANG_WARN_DEPRECATED_OBJC_IMPLEMENTATIONS = YES;
				CLANG_WARN_DIRECT_OBJC_ISA_USAGE = YES_ERROR;
				CLANG_WARN_DOCUMENTATION_COMMENTS = YES;
				CLANG_WARN_EMPTY_BODY = YES;
				CLANG_WARN_ENUM_CONVERSION = YES;
				CLANG_WARN_INFINITE_RECURSION = YES;
				CLANG_WARN_INT_CONVERSION = YES;
				CLANG_WARN_NON_LITERAL_NULL_CONVERSION = YES;
				CLANG_WARN_OBJC_IMPLICIT_RETAIN_SELF = YES;
				CLANG_WARN_OBJC_LITERAL_CONVERSION = YES;
				CLANG_WARN_OBJC_ROOT_CLASS = YES_ERROR;
				CLANG_WARN_QUOTED_INCLUDE_IN_FRAMEWORK_HEADER = YES;
				CLANG_WARN_RANGE_LOOP_ANALYSIS = YES;
				CLANG_WARN_STRICT_PROTOTYPES = YES;
				CLANG_WARN_SUSPICIOUS_MOVE = YES;
				CLANG_WARN_UNGUARDED_AVAILABILITY = YES_AGGRESSIVE;
				CLANG_WARN_UNREACHABLE_CODE = YES;
				CLANG_WARN__DUPLICATE_METHOD_MATCH = YES;
				COPY_PHASE_STRIP = NO;
				DEBUG_INFORMATION_FORMAT = dwarf;
				ENABLE_STRICT_OBJC_MSGSEND = YES;
				ENABLE_TESTABILITY = YES;
				GCC_C_LANGUAGE_STANDARD = gnu11;
				GCC_DYNAMIC_NO_PIC = NO;
				GCC_NO_COMMON_BLOCKS = YES;
				GCC_OPTIMIZATION_LEVEL = 0;
				GCC_PREPROCESSOR_DEFINITIONS = (
					"DEBUG=1",
					"$(inherited)",
				);
				GCC_WARN_64_TO_32_BIT_CONVERSION = YES;
				GCC_WARN_ABOUT_RETURN_TYPE = YES_ERROR;
				GCC_WARN_UNDECLARED_SELECTOR = YES;
				GCC_WARN_UNINITIALIZED_AUTOS = YES_AGGRESSIVE;
				GCC_WARN_UNUSED_FUNCTION = YES;
				GCC_WARN_UNUSED_VARIABLE = YES;
				IPHONEOS_DEPLOYMENT_TARGET = 16.4;
				MTL_ENABLE_DEBUG_INFO = INCLUDE_SOURCE;
				MTL_FAST_MATH = YES;
				ONLY_ACTIVE_ARCH = YES;
				SDKROOT = iphoneos;
				SWIFT_ACTIVE_COMPILATION_CONDITIONS = DEBUG;
				SWIFT_OPTIMIZATION_LEVEL = "-Onone";
			};
			name = Debug;
		};
		897CC2B42AB636A700F61D61 /* Release */ = {
			isa = XCBuildConfiguration;
			buildSettings = {
				ALWAYS_SEARCH_USER_PATHS = NO;
				CLANG_ANALYZER_NONNULL = YES;
				CLANG_ANALYZER_NUMBER_OBJECT_CONVERSION = YES_AGGRESSIVE;
				CLANG_CXX_LANGUAGE_STANDARD = "gnu++20";
				CLANG_ENABLE_MODULES = YES;
				CLANG_ENABLE_OBJC_ARC = YES;
				CLANG_ENABLE_OBJC_WEAK = YES;
				CLANG_WARN_BLOCK_CAPTURE_AUTORELEASING = YES;
				CLANG_WARN_BOOL_CONVERSION = YES;
				CLANG_WARN_COMMA = YES;
				CLANG_WARN_CONSTANT_CONVERSION = YES;
				CLANG_WARN_DEPRECATED_OBJC_IMPLEMENTATIONS = YES;
				CLANG_WARN_DIRECT_OBJC_ISA_USAGE = YES_ERROR;
				CLANG_WARN_DOCUMENTATION_COMMENTS = YES;
				CLANG_WARN_EMPTY_BODY = YES;
				CLANG_WARN_ENUM_CONVERSION = YES;
				CLANG_WARN_INFINITE_RECURSION = YES;
				CLANG_WARN_INT_CONVERSION = YES;
				CLANG_WARN_NON_LITERAL_NULL_CONVERSION = YES;
				CLANG_WARN_OBJC_IMPLICIT_RETAIN_SELF = YES;
				CLANG_WARN_OBJC_LITERAL_CONVERSION = YES;
				CLANG_WARN_OBJC_ROOT_CLASS = YES_ERROR;
				CLANG_WARN_QUOTED_INCLUDE_IN_FRAMEWORK_HEADER = YES;
				CLANG_WARN_RANGE_LOOP_ANALYSIS = YES;
				CLANG_WARN_STRICT_PROTOTYPES = YES;
				CLANG_WARN_SUSPICIOUS_MOVE = YES;
				CLANG_WARN_UNGUARDED_AVAILABILITY = YES_AGGRESSIVE;
				CLANG_WARN_UNREACHABLE_CODE = YES;
				CLANG_WARN__DUPLICATE_METHOD_MATCH = YES;
				COPY_PHASE_STRIP = NO;
				DEBUG_INFORMATION_FORMAT = "dwarf-with-dsym";
				ENABLE_NS_ASSERTIONS = NO;
				ENABLE_STRICT_OBJC_MSGSEND = YES;
				GCC_C_LANGUAGE_STANDARD = gnu11;
				GCC_NO_COMMON_BLOCKS = YES;
				GCC_WARN_64_TO_32_BIT_CONVERSION = YES;
				GCC_WARN_ABOUT_RETURN_TYPE = YES_ERROR;
				GCC_WARN_UNDECLARED_SELECTOR = YES;
				GCC_WARN_UNINITIALIZED_AUTOS = YES_AGGRESSIVE;
				GCC_WARN_UNUSED_FUNCTION = YES;
				GCC_WARN_UNUSED_VARIABLE = YES;
				IPHONEOS_DEPLOYMENT_TARGET = 16.4;
				MTL_ENABLE_DEBUG_INFO = NO;
				MTL_FAST_MATH = YES;
				SDKROOT = iphoneos;
				SWIFT_COMPILATION_MODE = wholemodule;
				SWIFT_OPTIMIZATION_LEVEL = "-O";
				VALIDATE_PRODUCT = YES;
			};
			name = Release;
		};
		897CC2B62AB636A700F61D61 /* Debug */ = {
			isa = XCBuildConfiguration;
			buildSettings = {
				ASSETCATALOG_COMPILER_APPICON_NAME = AppIcon;
				ASSETCATALOG_COMPILER_GLOBAL_ACCENT_COLOR_NAME = AccentColor;
				CODE_SIGN_STYLE = Automatic;
				CURRENT_PROJECT_VERSION = 1;
				DEVELOPMENT_ASSET_PATHS = "\"Facility Pulse/Preview Content\"";
				DEVELOPMENT_TEAM = 6F3A58SWMP;
				ENABLE_PREVIEWS = YES;
				GENERATE_INFOPLIST_FILE = YES;
				INFOPLIST_KEY_UIApplicationSceneManifest_Generation = YES;
				INFOPLIST_KEY_UIApplicationSupportsIndirectInputEvents = YES;
				INFOPLIST_KEY_UILaunchScreen_Generation = YES;
				INFOPLIST_KEY_UISupportedInterfaceOrientations_iPad = "UIInterfaceOrientationPortrait UIInterfaceOrientationPortraitUpsideDown UIInterfaceOrientationLandscapeLeft UIInterfaceOrientationLandscapeRight";
				INFOPLIST_KEY_UISupportedInterfaceOrientations_iPhone = "UIInterfaceOrientationPortrait UIInterfaceOrientationLandscapeLeft UIInterfaceOrientationLandscapeRight";
				IPHONEOS_DEPLOYMENT_TARGET = 16.1;
				LD_RUNPATH_SEARCH_PATHS = (
					"$(inherited)",
					"@executable_path/Frameworks",
				);
				MARKETING_VERSION = 1.0;
				PRODUCT_BUNDLE_IDENTIFIER = "com.ShoaibHuq.Facility-Pulse";
				PRODUCT_NAME = "$(TARGET_NAME)";
				SWIFT_EMIT_LOC_STRINGS = YES;
				SWIFT_VERSION = 5.0;
				TARGETED_DEVICE_FAMILY = "1,2";
			};
			name = Debug;
		};
		897CC2B72AB636A700F61D61 /* Release */ = {
			isa = XCBuildConfiguration;
			buildSettings = {
				ASSETCATALOG_COMPILER_APPICON_NAME = AppIcon;
				ASSETCATALOG_COMPILER_GLOBAL_ACCENT_COLOR_NAME = AccentColor;
				CODE_SIGN_STYLE = Automatic;
				CURRENT_PROJECT_VERSION = 1;
				DEVELOPMENT_ASSET_PATHS = "\"Facility Pulse/Preview Content\"";
				DEVELOPMENT_TEAM = 6F3A58SWMP;
				ENABLE_PREVIEWS = YES;
				GENERATE_INFOPLIST_FILE = YES;
				INFOPLIST_KEY_UIApplicationSceneManifest_Generation = YES;
				INFOPLIST_KEY_UIApplicationSupportsIndirectInputEvents = YES;
				INFOPLIST_KEY_UILaunchScreen_Generation = YES;
				INFOPLIST_KEY_UISupportedInterfaceOrientations_iPad = "UIInterfaceOrientationPortrait UIInterfaceOrientationPortraitUpsideDown UIInterfaceOrientationLandscapeLeft UIInterfaceOrientationLandscapeRight";
				INFOPLIST_KEY_UISupportedInterfaceOrientations_iPhone = "UIInterfaceOrientationPortrait UIInterfaceOrientationLandscapeLeft UIInterfaceOrientationLandscapeRight";
				IPHONEOS_DEPLOYMENT_TARGET = 16.1;
				LD_RUNPATH_SEARCH_PATHS = (
					"$(inherited)",
					"@executable_path/Frameworks",
				);
				MARKETING_VERSION = 1.0;
				PRODUCT_BUNDLE_IDENTIFIER = "com.ShoaibHuq.Facility-Pulse";
				PRODUCT_NAME = "$(TARGET_NAME)";
				SWIFT_EMIT_LOC_STRINGS = YES;
				SWIFT_VERSION = 5.0;
				TARGETED_DEVICE_FAMILY = "1,2";
			};
			name = Release;
		};
/* End XCBuildConfiguration section */

/* Begin XCConfigurationList section */
		897CC2A22AB636A500F61D61 /* Build configuration list for PBXProject "Facility Pulse" */ = {
			isa = XCConfigurationList;
			buildConfigurations = (
				897CC2B32AB636A700F61D61 /* Debug */,
				897CC2B42AB636A700F61D61 /* Release */,
			);
			defaultConfigurationIsVisible = 0;
			defaultConfigurationName = Release;
		};
		897CC2B52AB636A700F61D61 /* Build configuration list for PBXNativeTarget "Facility Pulse" */ = {
			isa = XCConfigurationList;
			buildConfigurations = (
				897CC2B62AB636A700F61D61 /* Debug */,
				897CC2B72AB636A700F61D61 /* Release */,
			);
			defaultConfigurationIsVisible = 0;
			defaultConfigurationName = Release;
		};
/* End XCConfigurationList section */
	};
	rootObject = 897CC29F2AB636A500F61D61 /* Project object */;
}
